
Microsoft Visual Studio Solution File, Format Version 12.00
# Visual Studio Version 17
VisualStudioVersion = 17.14.36414.22 d17.14
MinimumVisualStudioVersion = 10.0.40219.1
Project("{FAE04EC0-301F-11D3-BF4B-00C04F79EFBC}") = "Exercicio01", "Exercicio01.csproj", "{BB38A223-DAF8-42E5-83BD-F39DEC4958E4}"
EndProject
Global
	GlobalSection(SolutionConfigurationPlatforms) = preSolution
		Debug|Any CPU = Debug|Any CPU
		Release|Any CPU = Release|Any CPU
	EndGlobalSection
	GlobalSection(ProjectConfigurationPlatforms) = postSolution
		{BB38A223-DAF8-42E5-83BD-F39DEC4958E4}.Debug|Any CPU.ActiveCfg = Debug|Any CPU
		{BB38A223-DAF8-42E5-83BD-F39DEC4958E4}.Debug|Any CPU.Build.0 = Debug|Any CPU
		{BB38A223-DAF8-42E5-83BD-F39DEC4958E4}.Release|Any CPU.ActiveCfg = Release|Any CPU
		{BB38A223-DAF8-42E5-83BD-F39DEC4958E4}.Release|Any CPU.Build.0 = Release|Any CPU
	EndGlobalSection
	GlobalSection(SolutionProperties) = preSolution
		HideSolutionNode = FALSE
	EndGlobalSection
	GlobalSection(ExtensibilityGlobals) = postSolution
		SolutionGuid = {F712DDFD-3348-4427-A05F-EAACBE1D6F4B}
	EndGlobalSection
EndGlobal
