
Microsoft Visual Studio Solution File, Format Version 12.00
# Visual Studio Version 17
VisualStudioVersion = 17.14.36414.22 d17.14
MinimumVisualStudioVersion = 10.0.40219.1
Project("{FAE04EC0-301F-11D3-BF4B-00C04F79EFBC}") = "Exercicio01", "Exercicio01.csproj", "{1719282C-0BBE-46BA-BCE2-D868437AB53F}"
EndProject
Global
	GlobalSection(SolutionConfigurationPlatforms) = preSolution
		Debug|Any CPU = Debug|Any CPU
		Release|Any CPU = Release|Any CPU
	EndGlobalSection
	GlobalSection(ProjectConfigurationPlatforms) = postSolution
		{1719282C-0BBE-46BA-BCE2-D868437AB53F}.Debug|Any CPU.ActiveCfg = Debug|Any CPU
		{1719282C-0BBE-46BA-BCE2-D868437AB53F}.Debug|Any CPU.Build.0 = Debug|Any CPU
		{1719282C-0BBE-46BA-BCE2-D868437AB53F}.Release|Any CPU.ActiveCfg = Release|Any CPU
		{1719282C-0BBE-46BA-BCE2-D868437AB53F}.Release|Any CPU.Build.0 = Release|Any CPU
	EndGlobalSection
	GlobalSection(SolutionProperties) = preSolution
		HideSolutionNode = FALSE
	EndGlobalSection
	GlobalSection(ExtensibilityGlobals) = postSolution
		SolutionGuid = {205250C8-F915-452B-944E-EC25A600CCE0}
	EndGlobalSection
EndGlobal
