
Microsoft Visual Studio Solution File, Format Version 12.00
# Visual Studio Version 17
VisualStudioVersion = 17.14.36414.22 d17.14
MinimumVisualStudioVersion = 10.0.40219.1
Project("{FAE04EC0-301F-11D3-BF4B-00C04F79EFBC}") = "Exercicio02", "Exercicio02.csproj", "{FE7FD3D7-A081-463C-B5E8-0D1555D43518}"
EndProject
Global
	GlobalSection(SolutionConfigurationPlatforms) = preSolution
		Debug|Any CPU = Debug|Any CPU
		Release|Any CPU = Release|Any CPU
	EndGlobalSection
	GlobalSection(ProjectConfigurationPlatforms) = postSolution
		{FE7FD3D7-A081-463C-B5E8-0D1555D43518}.Debug|Any CPU.ActiveCfg = Debug|Any CPU
		{FE7FD3D7-A081-463C-B5E8-0D1555D43518}.Debug|Any CPU.Build.0 = Debug|Any CPU
		{FE7FD3D7-A081-463C-B5E8-0D1555D43518}.Release|Any CPU.ActiveCfg = Release|Any CPU
		{FE7FD3D7-A081-463C-B5E8-0D1555D43518}.Release|Any CPU.Build.0 = Release|Any CPU
	EndGlobalSection
	GlobalSection(SolutionProperties) = preSolution
		HideSolutionNode = FALSE
	EndGlobalSection
	GlobalSection(ExtensibilityGlobals) = postSolution
		SolutionGuid = {AFBA1F00-B014-4724-AF3F-6AB3D21D22BF}
	EndGlobalSection
EndGlobal
