
Microsoft Visual Studio Solution File, Format Version 12.00
# Visual Studio Version 17
VisualStudioVersion = 17.14.36414.22 d17.14
MinimumVisualStudioVersion = 10.0.40219.1
Project("{FAE04EC0-301F-11D3-BF4B-00C04F79EFBC}") = "Exercicio04", "Exercicio04.csproj", "{3A926A74-0056-4244-BBE8-8442F9F65D5F}"
EndProject
Global
	GlobalSection(SolutionConfigurationPlatforms) = preSolution
		Debug|Any CPU = Debug|Any CPU
		Release|Any CPU = Release|Any CPU
	EndGlobalSection
	GlobalSection(ProjectConfigurationPlatforms) = postSolution
		{3A926A74-0056-4244-BBE8-8442F9F65D5F}.Debug|Any CPU.ActiveCfg = Debug|Any CPU
		{3A926A74-0056-4244-BBE8-8442F9F65D5F}.Debug|Any CPU.Build.0 = Debug|Any CPU
		{3A926A74-0056-4244-BBE8-8442F9F65D5F}.Release|Any CPU.ActiveCfg = Release|Any CPU
		{3A926A74-0056-4244-BBE8-8442F9F65D5F}.Release|Any CPU.Build.0 = Release|Any CPU
	EndGlobalSection
	GlobalSection(SolutionProperties) = preSolution
		HideSolutionNode = FALSE
	EndGlobalSection
	GlobalSection(ExtensibilityGlobals) = postSolution
		SolutionGuid = {015CF9BF-636F-45E6-AE68-7435A06F61B2}
	EndGlobalSection
EndGlobal
